
Microsoft Visual Studio Solution File, Format Version 12.00
# Visual Studio 2012
Project("{FAE04EC0-301F-11D3-BF4B-00C04F79EFBC}") = "FutureState.AppCore.Data", "FutureState.AppCore.Data\FutureState.AppCore.Data.csproj", "{762F6EC1-C180-44F8-A470-015E2C2AC37C}"
EndProject
Project("{FAE04EC0-301F-11D3-BF4B-00C04F79EFBC}") = "FutureState.AppCore.Data.Sqlite", "FutureState.AppCore.Data.Sqlite\FutureState.AppCore.Data.Sqlite.csproj", "{A569AD5E-F470-499C-8E86-1A1F48C1D747}"
EndProject
Project("{FAE04EC0-301F-11D3-BF4B-00C04F79EFBC}") = "FutureState.AppCore.Data.Sqlite.Windows", "FutureState.AppCore.Data.Sqlite.Windows\FutureState.AppCore.Data.Sqlite.Windows.csproj", "{1FB25611-FDB8-4CD4-8684-854C012684CA}"
EndProject
Project("{FAE04EC0-301F-11D3-BF4B-00C04F79EFBC}") = "FutureState.AppCore.Data.SqlServer", "FutureState.AppCore.Data.SqlServer\FutureState.AppCore.Data.SqlServer.csproj", "{3784C127-1DD0-4811-A821-5B92D956C06B}"
EndProject
Project("{FAE04EC0-301F-11D3-BF4B-00C04F79EFBC}") = "FutureState.AppCore.Data.Tests", "FutureState.AppCore.Data.Tests\FutureState.AppCore.Data.Tests.csproj", "{3603F34E-DDC0-434D-8440-381A1B96A0DA}"
EndProject
Project("{FAE04EC0-301F-11D3-BF4B-00C04F79EFBC}") = "FutureState.AppCore.Data.Sqlite.Android", "FutureState.AppCore.Data.Sqlite.Android\FutureState.AppCore.Data.Sqlite.Android.csproj", "{8A346A49-1029-469D-BEEF-1AACE6F05DD8}"
EndProject
Global
	GlobalSection(SolutionConfigurationPlatforms) = preSolution
		Debug|Any CPU = Debug|Any CPU
		Release|Any CPU = Release|Any CPU
	EndGlobalSection
	GlobalSection(ProjectConfigurationPlatforms) = postSolution
		{762F6EC1-C180-44F8-A470-015E2C2AC37C}.Debug|Any CPU.ActiveCfg = Debug|Any CPU
		{762F6EC1-C180-44F8-A470-015E2C2AC37C}.Debug|Any CPU.Build.0 = Debug|Any CPU
		{762F6EC1-C180-44F8-A470-015E2C2AC37C}.Release|Any CPU.ActiveCfg = Release|Any CPU
		{762F6EC1-C180-44F8-A470-015E2C2AC37C}.Release|Any CPU.Build.0 = Release|Any CPU
		{A569AD5E-F470-499C-8E86-1A1F48C1D747}.Debug|Any CPU.ActiveCfg = Debug|Any CPU
		{A569AD5E-F470-499C-8E86-1A1F48C1D747}.Debug|Any CPU.Build.0 = Debug|Any CPU
		{A569AD5E-F470-499C-8E86-1A1F48C1D747}.Release|Any CPU.ActiveCfg = Release|Any CPU
		{A569AD5E-F470-499C-8E86-1A1F48C1D747}.Release|Any CPU.Build.0 = Release|Any CPU
		{1FB25611-FDB8-4CD4-8684-854C012684CA}.Debug|Any CPU.ActiveCfg = Debug|Any CPU
		{1FB25611-FDB8-4CD4-8684-854C012684CA}.Debug|Any CPU.Build.0 = Debug|Any CPU
		{1FB25611-FDB8-4CD4-8684-854C012684CA}.Release|Any CPU.ActiveCfg = Release|Any CPU
		{1FB25611-FDB8-4CD4-8684-854C012684CA}.Release|Any CPU.Build.0 = Release|Any CPU
		{3784C127-1DD0-4811-A821-5B92D956C06B}.Debug|Any CPU.ActiveCfg = Debug|Any CPU
		{3784C127-1DD0-4811-A821-5B92D956C06B}.Debug|Any CPU.Build.0 = Debug|Any CPU
		{3784C127-1DD0-4811-A821-5B92D956C06B}.Release|Any CPU.ActiveCfg = Release|Any CPU
		{3784C127-1DD0-4811-A821-5B92D956C06B}.Release|Any CPU.Build.0 = Release|Any CPU
		{3603F34E-DDC0-434D-8440-381A1B96A0DA}.Debug|Any CPU.ActiveCfg = Debug|Any CPU
		{3603F34E-DDC0-434D-8440-381A1B96A0DA}.Debug|Any CPU.Build.0 = Debug|Any CPU
		{3603F34E-DDC0-434D-8440-381A1B96A0DA}.Release|Any CPU.ActiveCfg = Release|Any CPU
		{3603F34E-DDC0-434D-8440-381A1B96A0DA}.Release|Any CPU.Build.0 = Release|Any CPU
		{8A346A49-1029-469D-BEEF-1AACE6F05DD8}.Debug|Any CPU.ActiveCfg = Debug|Any CPU
		{8A346A49-1029-469D-BEEF-1AACE6F05DD8}.Debug|Any CPU.Build.0 = Debug|Any CPU
		{8A346A49-1029-469D-BEEF-1AACE6F05DD8}.Release|Any CPU.ActiveCfg = Release|Any CPU
		{8A346A49-1029-469D-BEEF-1AACE6F05DD8}.Release|Any CPU.Build.0 = Release|Any CPU
	EndGlobalSection
	GlobalSection(SolutionProperties) = preSolution
		HideSolutionNode = FALSE
	EndGlobalSection
EndGlobal
